
Microsoft Visual Studio Solution File, Format Version 12.00
# Visual Studio Version 16
VisualStudioVersion = 16.0.30114.105
MinimumVisualStudioVersion = 10.0.40219.1
Project("{FAE04EC0-301F-11D3-BF4B-00C04F79EFBC}") = "Lancer", "Lancer\Lancer.csproj", "{EBE3F98B-3693-4E12-A7F9-CDEAE913599A}"
EndProject
Global
	GlobalSection(SolutionConfigurationPlatforms) = preSolution
		Debug|Any CPU = Debug|Any CPU
		Release|Any CPU = Release|Any CPU
	EndGlobalSection
	GlobalSection(ProjectConfigurationPlatforms) = postSolution
		{EBE3F98B-3693-4E12-A7F9-CDEAE913599A}.Debug|Any CPU.ActiveCfg = Debug|Any CPU
		{EBE3F98B-3693-4E12-A7F9-CDEAE913599A}.Debug|Any CPU.Build.0 = Debug|Any CPU
		{EBE3F98B-3693-4E12-A7F9-CDEAE913599A}.Release|Any CPU.ActiveCfg = Release|Any CPU
		{EBE3F98B-3693-4E12-A7F9-CDEAE913599A}.Release|Any CPU.Build.0 = Release|Any CPU
	EndGlobalSection
	GlobalSection(SolutionProperties) = preSolution
		HideSolutionNode = FALSE
	EndGlobalSection
	GlobalSection(ExtensibilityGlobals) = postSolution
		SolutionGuid = {E56B59CB-E5A7-4581-82E1-E878D59123B1}
	EndGlobalSection
EndGlobal
